{
  "object": {
    "pins": [
      {
        "package": "Synchronized",
        "repositoryURL": "https://github.com/shareup/synchronized.git",
        "state": {
          "branch": null,
          "revision": "56f5956cbd9cf4bcd2f92153c03ae293dffb0987",
          "version": "2.3.0"
        }
      }
    ]
  },
  "version": 1
}
